PODS:
  - CLTypingLabel (0.4.0)
  - IQKeyboardManagerSwift (6.5.5)
  - Realm (4.4.0):
    - Realm/Headers (= 4.4.0)
  - Realm/Headers (4.4.0)
  - RealmSwift (4.4.0):
    - Realm (= 4.4.0)

DEPENDENCIES:
  - CLTypingLabel
  - IQKeyboardManagerSwift
  - RealmSwift

SPEC REPOS:
  trunk:
    - CLTypingLabel
    - IQKeyboardManagerSwift
    - Realm
    - RealmSwift

SPEC CHECKSUMS:
  CLTypingLabel: 95a7d1faf7e3d1d952cd11cb0491d17d80c50934
  IQKeyboardManagerSwift: 0fb93310284665245591f50f7a5e38de615960b7
  Realm: e125f464884cda953ebefe70c671b75b03b81b9b
  RealmSwift: 33656a42bd300959a081fc13347376bc478071af

PODFILE CHECKSUM: d7cc48c39dce5e8cbcc003df7a16bad41a27d2bc

COCOAPODS: 1.9.1
